// !$*UTF8*$!
{
	archiveVersion = 1;
	classes = {
	};
	objectVersion = 46;
	objects = {

/* Begin PBXBuildFile section */
		BAB495AD1E50EEAD0005DD42 /* AppDelegate.swift in Sources */ = {isa = PBXBuildFile; fileRef = BAB495AC1E50EEAD0005DD42 /* AppDelegate.swift */; };
		BAB495AF1E50EEAD0005DD42 /* ViewController.swift in Sources */ = {isa = PBXBuildFile; fileRef = BAB495AE1E50EEAD0005DD42 /* ViewController.swift */; };
		BAB495B21E50EEAD0005DD42 /* Main.storyboard in Resources */ = {isa = PBXBuildFile; fileRef = BAB495B01E50EEAD0005DD42 /* Main.storyboard */; };
		BAB495B41E50EEAD0005DD42 /* Assets.xcassets in Resources */ = {isa = PBXBuildFile; fileRef = BAB495B31E50EEAD0005DD42 /* Assets.xcassets */; };
		BAB495B71E50EEAD0005DD42 /* LaunchScreen.storyboard in Resources */ = {isa = PBXBuildFile; fileRef = BAB495B51E50EEAD0005DD42 /* LaunchScreen.storyboard */; };
		BAB495C21E5100D20005DD42 /* CircleButton.swift in Sources */ = {isa = PBXBuildFile; fileRef = BAB495C11E5100D20005DD42 /* CircleButton.swift */; };
		BAB495C51E5107AB0005DD42 /* test.m4a in Resources */ = {isa = PBXBuildFile; fileRef = BAB495C41E5107AB0005DD42 /* test.m4a */; };
/* End PBXBuildFile section */

/* Begin PBXFileReference section */
		BAB495A91E50EEAD0005DD42 /* Scribe.app */ = {isa = PBXFileReference; explicitFileType = wrapper.application; includeInIndex = 0; path = Scribe.app; sourceTree = BUILT_PRODUCTS_DIR; };
		BAB495AC1E50EEAD0005DD42 /* AppDelegate.swift */ = {isa = PBXFileReference; lastKnownFileType = sourcecode.swift; path = AppDelegate.swift; sourceTree = "<group>"; };
		BAB495AE1E50EEAD0005DD42 /* ViewController.swift */ = {isa = PBXFileReference; lastKnownFileType = sourcecode.swift; path = ViewController.swift; sourceTree = "<group>"; };
		BAB495B11E50EEAD0005DD42 /* Base */ = {isa = PBXFileReference; lastKnownFileType = file.storyboard; name = Base; path = Base.lproj/Main.storyboard; sourceTree = "<group>"; };
		BAB495B31E50EEAD0005DD42 /* Assets.xcassets */ = {isa = PBXFileReference; lastKnownFileType = folder.assetcatalog; path = Assets.xcassets; sourceTree = "<group>"; };
		BAB495B61E50EEAD0005DD42 /* Base */ = {isa = PBXFileReference; lastKnownFileType = file.storyboard; name = Base; path = Base.lproj/LaunchScreen.storyboard; sourceTree = "<group>"; };
		BAB495B81E50EEAD0005DD42 /* Info.plist */ = {isa = PBXFileReference; lastKnownFileType = text.plist.xml; path = Info.plist; sourceTree = "<group>"; };
		BAB495C11E5100D20005DD42 /* CircleButton.swift */ = {isa = PBXFileReference; fileEncoding = 4; lastKnownFileType = sourcecode.swift; path = CircleButton.swift; sourceTree = "<group>"; };
		BAB495C41E5107AB0005DD42 /* test.m4a */ = {isa = PBXFileReference; lastKnownFileType = file; path = test.m4a; sourceTree = "<group>"; };
/* End PBXFileReference section */

/* Begin PBXFrameworksBuildPhase section */
		BAB495A61E50EEAC0005DD42 /* Frameworks */ = {
			isa = PBXFrameworksBuildPhase;
			buildActionMask = 2147483647;
			files = (
			);
			runOnlyForDeploymentPostprocessing = 0;
		};
/* End PBXFrameworksBuildPhase section */

/* Begin PBXGroup section */
		BAB495A01E50EEAC0005DD42 = {
			isa = PBXGroup;
			children = (
				BAB495AB1E50EEAD0005DD42 /* Scribe */,
				BAB495AA1E50EEAD0005DD42 /* Products */,
			);
			sourceTree = "<group>";
		};
		BAB495AA1E50EEAD0005DD42 /* Products */ = {
			isa = PBXGroup;
			children = (
				BAB495A91E50EEAD0005DD42 /* Scribe.app */,
			);
			name = Products;
			sourceTree = "<group>";
		};
		BAB495AB1E50EEAD0005DD42 /* Scribe */ = {
			isa = PBXGroup;
			children = (
				BAB495C31E5107920005DD42 /* Resources */,
				BAB495BE1E51004F0005DD42 /* Model */,
				BAB495BF1E5100570005DD42 /* View */,
				BAB495C01E51005D0005DD42 /* Controller */,
				BAB495AC1E50EEAD0005DD42 /* AppDelegate.swift */,
				BAB495B01E50EEAD0005DD42 /* Main.storyboard */,
				BAB495B31E50EEAD0005DD42 /* Assets.xcassets */,
				BAB495B51E50EEAD0005DD42 /* LaunchScreen.storyboard */,
				BAB495B81E50EEAD0005DD42 /* Info.plist */,
			);
			path = Scribe;
			sourceTree = "<group>";
		};
		BAB495BE1E51004F0005DD42 /* Model */ = {
			isa = PBXGroup;
			children = (
			);
			name = Model;
			sourceTree = "<group>";
		};
		BAB495BF1E5100570005DD42 /* View */ = {
			isa = PBXGroup;
			children = (
				BAB495C11E5100D20005DD42 /* CircleButton.swift */,
			);
			name = View;
			sourceTree = "<group>";
		};
		BAB495C01E51005D0005DD42 /* Controller */ = {
			isa = PBXGroup;
			children = (
				BAB495AE1E50EEAD0005DD42 /* ViewController.swift */,
			);
			name = Controller;
			sourceTree = "<group>";
		};
		BAB495C31E5107920005DD42 /* Resources */ = {
			isa = PBXGroup;
			children = (
				BAB495C41E5107AB0005DD42 /* test.m4a */,
			);
			name = Resources;
			sourceTree = "<group>";
		};
/* End PBXGroup section */

/* Begin PBXNativeTarget section */
		BAB495A81E50EEAC0005DD42 /* Scribe */ = {
			isa = PBXNativeTarget;
			buildConfigurationList = BAB495BB1E50EEAD0005DD42 /* Build configuration list for PBXNativeTarget "Scribe" */;
			buildPhases = (
				BAB495A51E50EEAC0005DD42 /* Sources */,
				BAB495A61E50EEAC0005DD42 /* Frameworks */,
				BAB495A71E50EEAC0005DD42 /* Resources */,
			);
			buildRules = (
			);
			dependencies = (
			);
			name = Scribe;
			productName = Scribe;
			productReference = BAB495A91E50EEAD0005DD42 /* Scribe.app */;
			productType = "com.apple.product-type.application";
		};
/* End PBXNativeTarget section */

/* Begin PBXProject section */
		BAB495A11E50EEAC0005DD42 /* Project object */ = {
			isa = PBXProject;
			attributes = {
				LastSwiftUpdateCheck = 0820;
				LastUpgradeCheck = 0820;
				ORGANIZATIONNAME = "Henry Aguinaga";
				TargetAttributes = {
					BAB495A81E50EEAC0005DD42 = {
						CreatedOnToolsVersion = 8.2.1;
						DevelopmentTeam = ZGKM2V59UB;
						ProvisioningStyle = Automatic;
					};
				};
			};
			buildConfigurationList = BAB495A41E50EEAC0005DD42 /* Build configuration list for PBXProject "Scribe" */;
			compatibilityVersion = "Xcode 3.2";
			developmentRegion = English;
			hasScannedForEncodings = 0;
			knownRegions = (
				en,
				Base,
			);
			mainGroup = BAB495A01E50EEAC0005DD42;
			productRefGroup = BAB495AA1E50EEAD0005DD42 /* Products */;
			projectDirPath = "";
			projectRoot = "";
			targets = (
				BAB495A81E50EEAC0005DD42 /* Scribe */,
			);
		};
/* End PBXProject section */

/* Begin PBXResourcesBuildPhase section */
		BAB495A71E50EEAC0005DD42 /* Resources */ = {
			isa = PBXResourcesBuildPhase;
			buildActionMask = 2147483647;
			files = (
				BAB495C51E5107AB0005DD42 /* test.m4a in Resources */,
				BAB495B71E50EEAD0005DD42 /* LaunchScreen.storyboard in Resources */,
				BAB495B41E50EEAD0005DD42 /* Assets.xcassets in Resources */,
				BAB495B21E50EEAD0005DD42 /* Main.storyboard in Resources */,
			);
			runOnlyForDeploymentPostprocessing = 0;
		};
/* End PBXResourcesBuildPhase section */

/* Begin PBXSourcesBuildPhase section */
		BAB495A51E50EEAC0005DD42 /* Sources */ = {
			isa = PBXSourcesBuildPhase;
			buildActionMask = 2147483647;
			files = (
				BAB495C21E5100D20005DD42 /* CircleButton.swift in Sources */,
				BAB495AF1E50EEAD0005DD42 /* ViewController.swift in Sources */,
				BAB495AD1E50EEAD0005DD42 /* AppDelegate.swift in Sources */,
			);
			runOnlyForDeploymentPostprocessing = 0;
		};
/* End PBXSourcesBuildPhase section */

/* Begin PBXVariantGroup section */
		BAB495B01E50EEAD0005DD42 /* Main.storyboard */ = {
			isa = PBXVariantGroup;
			children = (
				BAB495B11E50EEAD0005DD42 /* Base */,
			);
			name = Main.storyboard;
			sourceTree = "<group>";
		};
		BAB495B51E50EEAD0005DD42 /* LaunchScreen.storyboard */ = {
			isa = PBXVariantGroup;
			children = (
				BAB495B61E50EEAD0005DD42 /* Base */,
			);
			name = LaunchScreen.storyboard;
			sourceTree = "<group>";
		};
/* End PBXVariantGroup section */

/* Begin XCBuildConfiguration section */
		BAB495B91E50EEAD0005DD42 /* Debug */ = {
			isa = XCBuildConfiguration;
			buildSettings = {
				ALWAYS_SEARCH_USER_PATHS = NO;
				CLANG_ANALYZER_NONNULL = YES;
				CLANG_CXX_LANGUAGE_STANDARD = "gnu++0x";
				CLANG_CXX_LIBRARY = "libc++";
				CLANG_ENABLE_MODULES = YES;
				CLANG_ENABLE_OBJC_ARC = YES;
				CLANG_WARN_BOOL_CONVERSION = YES;
				CLANG_WARN_CONSTANT_CONVERSION = YES;
				CLANG_WARN_DIRECT_OBJC_ISA_USAGE = YES_ERROR;
				CLANG_WARN_DOCUMENTATION_COMMENTS = YES;
				CLANG_WARN_EMPTY_BODY = YES;
				CLANG_WARN_ENUM_CONVERSION = YES;
				CLANG_WARN_INFINITE_RECURSION = YES;
				CLANG_WARN_INT_CONVERSION = YES;
				CLANG_WARN_OBJC_ROOT_CLASS = YES_ERROR;
				CLANG_WARN_SUSPICIOUS_MOVE = YES;
				CLANG_WARN_UNREACHABLE_CODE = YES;
				CLANG_WARN__DUPLICATE_METHOD_MATCH = YES;
				"CODE_SIGN_IDENTITY[sdk=iphoneos*]" = "iPhone Developer";
				COPY_PHASE_STRIP = NO;
				DEBUG_INFORMATION_FORMAT = dwarf;
				ENABLE_STRICT_OBJC_MSGSEND = YES;
				ENABLE_TESTABILITY = YES;
				GCC_C_LANGUAGE_STANDARD = gnu99;
				GCC_DYNAMIC_NO_PIC = NO;
				GCC_NO_COMMON_BLOCKS = YES;
				GCC_OPTIMIZATION_LEVEL = 0;
				GCC_PREPROCESSOR_DEFINITIONS = (
					"DEBUG=1",
					"$(inherited)",
				);
				GCC_WARN_64_TO_32_BIT_CONVERSION = YES;
				GCC_WARN_ABOUT_RETURN_TYPE = YES_ERROR;
				GCC_WARN_UNDECLARED_SELECTOR = YES;
				GCC_WARN_UNINITIALIZED_AUTOS = YES_AGGRESSIVE;
				GCC_WARN_UNUSED_FUNCTION = YES;
				GCC_WARN_UNUSED_VARIABLE = YES;
				IPHONEOS_DEPLOYMENT_TARGET = 10.2;
				MTL_ENABLE_DEBUG_INFO = YES;
				ONLY_ACTIVE_ARCH = YES;
				SDKROOT = iphoneos;
				SWIFT_ACTIVE_COMPILATION_CONDITIONS = DEBUG;
				SWIFT_OPTIMIZATION_LEVEL = "-Onone";
				TARGETED_DEVICE_FAMILY = "1,2";
			};
			name = Debug;
		};
		BAB495BA1E50EEAD0005DD42 /* Release */ = {
			isa = XCBuildConfiguration;
			buildSettings = {
				ALWAYS_SEARCH_USER_PATHS = NO;
				CLANG_ANALYZER_NONNULL = YES;
				CLANG_CXX_LANGUAGE_STANDARD = "gnu++0x";
				CLANG_CXX_LIBRARY = "libc++";
				CLANG_ENABLE_MODULES = YES;
				CLANG_ENABLE_OBJC_ARC = YES;
				CLANG_WARN_BOOL_CONVERSION = YES;
				CLANG_WARN_CONSTANT_CONVERSION = YES;
				CLANG_WARN_DIRECT_OBJC_ISA_USAGE = YES_ERROR;
				CLANG_WARN_DOCUMENTATION_COMMENTS = YES;
				CLANG_WARN_EMPTY_BODY = YES;
				CLANG_WARN_ENUM_CONVERSION = YES;
				CLANG_WARN_INFINITE_RECURSION = YES;
				CLANG_WARN_INT_CONVERSION = YES;
				CLANG_WARN_OBJC_ROOT_CLASS = YES_ERROR;
				CLANG_WARN_SUSPICIOUS_MOVE = YES;
				CLANG_WARN_UNREACHABLE_CODE = YES;
				CLANG_WARN__DUPLICATE_METHOD_MATCH = YES;
				"CODE_SIGN_IDENTITY[sdk=iphoneos*]" = "iPhone Developer";
				COPY_PHASE_STRIP = NO;
				DEBUG_INFORMATION_FORMAT = "dwarf-with-dsym";
				ENABLE_NS_ASSERTIONS = NO;
				ENABLE_STRICT_OBJC_MSGSEND = YES;
				GCC_C_LANGUAGE_STANDARD = gnu99;
				GCC_NO_COMMON_BLOCKS = YES;
				GCC_WARN_64_TO_32_BIT_CONVERSION = YES;
				GCC_WARN_ABOUT_RETURN_TYPE = YES_ERROR;
				GCC_WARN_UNDECLARED_SELECTOR = YES;
				GCC_WARN_UNINITIALIZED_AUTOS = YES_AGGRESSIVE;
				GCC_WARN_UNUSED_FUNCTION = YES;
				GCC_WARN_UNUSED_VARIABLE = YES;
				IPHONEOS_DEPLOYMENT_TARGET = 10.2;
				MTL_ENABLE_DEBUG_INFO = NO;
				SDKROOT = iphoneos;
				SWIFT_OPTIMIZATION_LEVEL = "-Owholemodule";
				TARGETED_DEVICE_FAMILY = "1,2";
				VALIDATE_PRODUCT = YES;
			};
			name = Release;
		};
		BAB495BC1E50EEAD0005DD42 /* Debug */ = {
			isa = XCBuildConfiguration;
			buildSettings = {
				ASSETCATALOG_COMPILER_APPICON_NAME = AppIcon;
				DEVELOPMENT_TEAM = ZGKM2V59UB;
				INFOPLIST_FILE = Scribe/Info.plist;
				LD_RUNPATH_SEARCH_PATHS = "$(inherited) @executable_path/Frameworks";
				PRODUCT_BUNDLE_IDENTIFIER = com.henry.Scribe;
				PRODUCT_NAME = "$(TARGET_NAME)";
				SWIFT_VERSION = 3.0;
			};
			name = Debug;
		};
		BAB495BD1E50EEAD0005DD42 /* Release */ = {
			isa = XCBuildConfiguration;
			buildSettings = {
				ASSETCATALOG_COMPILER_APPICON_NAME = AppIcon;
				DEVELOPMENT_TEAM = ZGKM2V59UB;
				INFOPLIST_FILE = Scribe/Info.plist;
				LD_RUNPATH_SEARCH_PATHS = "$(inherited) @executable_path/Frameworks";
				PRODUCT_BUNDLE_IDENTIFIER = com.henry.Scribe;
				PRODUCT_NAME = "$(TARGET_NAME)";
				SWIFT_VERSION = 3.0;
			};
			name = Release;
		};
/* End XCBuildConfiguration section */

/* Begin XCConfigurationList section */
		BAB495A41E50EEAC0005DD42 /* Build configuration list for PBXProject "Scribe" */ = {
			isa = XCConfigurationList;
			buildConfigurations = (
				BAB495B91E50EEAD0005DD42 /* Debug */,
				BAB495BA1E50EEAD0005DD42 /* Release */,
			);
			defaultConfigurationIsVisible = 0;
			defaultConfigurationName = Release;
		};
		BAB495BB1E50EEAD0005DD42 /* Build configuration list for PBXNativeTarget "Scribe" */ = {
			isa = XCConfigurationList;
			buildConfigurations = (
				BAB495BC1E50EEAD0005DD42 /* Debug */,
				BAB495BD1E50EEAD0005DD42 /* Release */,
			);
			defaultConfigurationIsVisible = 0;
		};
/* End XCConfigurationList section */
	};
	rootObject = BAB495A11E50EEAC0005DD42 /* Project object */;
}
